
Microsoft Visual Studio Solution File, Format Version 12.00
# Visual Studio Version 16
VisualStudioVersion = 16.0.31624.102
MinimumVisualStudioVersion = 10.0.40219.1
Project("{FAE04EC0-301F-11D3-BF4B-00C04F79EFBC}") = "SellUrCar", "SellUrCar\SellUrCar.csproj", "{704D045E-2ED8-4F52-8DBF-A145D45B9C84}"
EndProject
Project("{FAE04EC0-301F-11D3-BF4B-00C04F79EFBC}") = "EntittyLayer", "EntittyLayer\EntittyLayer.csproj", "{EC458B73-6319-4795-B7E1-5A211DDCAF7F}"
EndProject
Project("{FAE04EC0-301F-11D3-BF4B-00C04F79EFBC}") = "DataAccessLayer", "DataAccessLayer\DataAccessLayer.csproj", "{5AEF5788-7ED8-49E8-ACF3-B3102D0F43A3}"
EndProject
Project("{FAE04EC0-301F-11D3-BF4B-00C04F79EFBC}") = "BusinessLayer", "BusinessLayer\BusinessLayer.csproj", "{EA029D4C-E967-4834-805F-204991C810D2}"
EndProject
Global
	GlobalSection(SolutionConfigurationPlatforms) = preSolution
		Debug|Any CPU = Debug|Any CPU
		Release|Any CPU = Release|Any CPU
	EndGlobalSection
	GlobalSection(ProjectConfigurationPlatforms) = postSolution
		{704D045E-2ED8-4F52-8DBF-A145D45B9C84}.Debug|Any CPU.ActiveCfg = Debug|Any CPU
		{704D045E-2ED8-4F52-8DBF-A145D45B9C84}.Debug|Any CPU.Build.0 = Debug|Any CPU
		{704D045E-2ED8-4F52-8DBF-A145D45B9C84}.Release|Any CPU.ActiveCfg = Release|Any CPU
		{704D045E-2ED8-4F52-8DBF-A145D45B9C84}.Release|Any CPU.Build.0 = Release|Any CPU
		{EC458B73-6319-4795-B7E1-5A211DDCAF7F}.Debug|Any CPU.ActiveCfg = Debug|Any CPU
		{EC458B73-6319-4795-B7E1-5A211DDCAF7F}.Debug|Any CPU.Build.0 = Debug|Any CPU
		{EC458B73-6319-4795-B7E1-5A211DDCAF7F}.Release|Any CPU.ActiveCfg = Release|Any CPU
		{EC458B73-6319-4795-B7E1-5A211DDCAF7F}.Release|Any CPU.Build.0 = Release|Any CPU
		{5AEF5788-7ED8-49E8-ACF3-B3102D0F43A3}.Debug|Any CPU.ActiveCfg = Debug|Any CPU
		{5AEF5788-7ED8-49E8-ACF3-B3102D0F43A3}.Debug|Any CPU.Build.0 = Debug|Any CPU
		{5AEF5788-7ED8-49E8-ACF3-B3102D0F43A3}.Release|Any CPU.ActiveCfg = Release|Any CPU
		{5AEF5788-7ED8-49E8-ACF3-B3102D0F43A3}.Release|Any CPU.Build.0 = Release|Any CPU
		{EA029D4C-E967-4834-805F-204991C810D2}.Debug|Any CPU.ActiveCfg = Debug|Any CPU
		{EA029D4C-E967-4834-805F-204991C810D2}.Debug|Any CPU.Build.0 = Debug|Any CPU
		{EA029D4C-E967-4834-805F-204991C810D2}.Release|Any CPU.ActiveCfg = Release|Any CPU
		{EA029D4C-E967-4834-805F-204991C810D2}.Release|Any CPU.Build.0 = Release|Any CPU
	EndGlobalSection
	GlobalSection(SolutionProperties) = preSolution
		HideSolutionNode = FALSE
	EndGlobalSection
	GlobalSection(ExtensibilityGlobals) = postSolution
		SolutionGuid = {155CAB3C-41F2-4644-954D-2CB9BA257EB7}
	EndGlobalSection
EndGlobal
